github.com/eslambert77/Gophercises v0.0.1 h1:2YTgubwdvmgTKmQl/c9QmdtYqptOfPqqYnjcNyLMInU=
github.com/eslambert77/Gophercises/exercise-3 v0.0.0-20210209194836-091c6c1a605a h1:WaTqsa35WYWmWGxubLBWIB/P1m3eX7B60c7QJUg9mMw=
github.com/eslambert77/Gophercises/exercise-3/chooseadventure v0.0.0-20210209210133-69379bf6b493 h1:QjAPLRIipRhrLP4fZxOu8K0JkTh6eWwPr152PcSdlEo=
github.com/eslambert77/Gophercises/exercise-3/chooseadventure v0.0.0-20210209210133-69379bf6b493/go.mod h1:ROG+uspFKA9KxSL87kbJDX4/0BymrZF5u8kwtqTRNyg=
github.com/eslambert77/Gophercises/exercise-3/chooseadventure v0.0.0-20210209214506-9371e9530007 h1:gPNALz1sp5WHiI4ACmIA+NB5+HtnPgAvx/2zlAoaPdU=
github.com/eslambert77/Gophercises/exercise-3/chooseadventure v0.0.0-20210209214506-9371e9530007/go.mod h1:ROG+uspFKA9KxSL87kbJDX4/0BymrZF5u8kwtqTRNyg=
github.com/eslambert77/Gophercises/exercise-3/chooseadventure v0.0.0-20210210005052-c89ddaf80ed9 h1:+FkEPD9uTqKWJZhMmpgZuSnOaeHnHJBnnN3gCXHqrDY=
github.com/eslambert77/Gophercises/exercise-3/chooseadventure v0.0.0-20210210005052-c89ddaf80ed9/go.mod h1:ROG+uspFKA9KxSL87kbJDX4/0BymrZF5u8kwtqTRNyg=
github.com/eslambert77/Gophercises/exercise-3/chooseadventure v0.0.0-20210210010716-f03bd1ccf92f h1:CqhG0fiQdYCyNjk7/jJbjKVZ/iyGoyPOOyi981wvzX4=
github.com/eslambert77/Gophercises/exercise-3/chooseadventure v0.0.0-20210210010716-f03bd1ccf92f/go.mod h1:ROG+uspFKA9KxSL87kbJDX4/0BymrZF5u8kwtqTRNyg=
github.com/eslambert77/Gophercises/exercise-3/chooseadventure v0.0.0-20210210011939-4f9318576d87 h1:zPwpv2laSVbfpk7wGtOZSB2fTuj56aE2CRiYEl1QwhI=
github.com/eslambert77/Gophercises/exercise-3/chooseadventure v0.0.0-20210210011939-4f9318576d87/go.mod h1:ROG+uspFKA9KxSL87kbJDX4/0BymrZF5u8kwtqTRNyg=
github.com/eslambert77/Gophercises/exercise-3/chooseadventure v0.0.0-20210210012645-edd76c6cd9d7 h1:5QVDMDewVgLGwH5j7dzqhzyLOlG3hmXgIC2ecJ1JWnQ=
github.com/eslambert77/Gophercises/exercise-3/chooseadventure v0.0.0-20210210012645-edd76c6cd9d7/go.mod h1:ROG+uspFKA9KxSL87kbJDX4/0BymrZF5u8kwtqTRNyg=
github.com/eslambert77/Gophercises/exercise-3/chooseadventure v0.0.0-20210210013457-690005ff92ba h1:fr4uZ279Q/zb/Vta0gy+7rjhA5eJbclq4t0viVlmF80=
github.com/eslambert77/Gophercises/exercise-3/chooseadventure v0.0.0-20210210013457-690005ff92ba/go.mod h1:ROG+uspFKA9KxSL87kbJDX4/0BymrZF5u8kwtqTRNyg=
github.com/eslambert77/Gophercises/exercise-3/chooseadventure v0.0.0-20210210014127-6513eee5580c h1:bzzPbZnlis4ZgcVY3mxk1ybA/MS906WK2JNXAD6LqmQ=
github.com/eslambert77/Gophercises/exercise-3/chooseadventure v0.0.0-20210210014127-6513eee5580c/go.mod h1:ROG+uspFKA9KxSL87kbJDX4/0BymrZF5u8kwtqTRNyg=
github.com/eslambert77/Gophercises/exercise-3/chooseadventure v0.0.0-20210210020019-64d0bd7d6b63 h1:iJpCoYP/R3GxlOsgKCQ4aNW/qM9o5WJAy4QKzoalWZ8=
github.com/eslambert77/Gophercises/exercise-3/chooseadventure v0.0.0-20210210020019-64d0bd7d6b63/go.mod h1:ROG+uspFKA9KxSL87kbJDX4/0BymrZF5u8kwtqTRNyg=
github.com/eslambert77/Gophercises/exercise-3/chooseadventure v0.0.0-20210210020337-390d2e666787 h1:9xLn1ZW3lICKPQx1nWxXkXEyfM5PgKt8df1C5UNl5hU=
github.com/eslambert77/Gophercises/exercise-3/chooseadventure v0.0.0-20210210020337-390d2e666787/go.mod h1:ROG+uspFKA9KxSL87kbJDX4/0BymrZF5u8kwtqTRNyg=
