github.com/eslambert77/Gophercises v0.0.1 h1:2YTgubwdvmgTKmQl/c9QmdtYqptOfPqqYnjcNyLMInU=
github.com/eslambert77/Gophercises/exercise-3 v0.0.0-20210209194836-091c6c1a605a h1:WaTqsa35WYWmWGxubLBWIB/P1m3eX7B60c7QJUg9mMw=
github.com/eslambert77/Gophercises/exercise-3/chooseadventure v0.0.0-20210209210133-69379bf6b493 h1:QjAPLRIipRhrLP4fZxOu8K0JkTh6eWwPr152PcSdlEo=
github.com/eslambert77/Gophercises/exercise-3/chooseadventure v0.0.0-20210209210133-69379bf6b493/go.mod h1:ROG+uspFKA9KxSL87kbJDX4/0BymrZF5u8kwtqTRNyg=
github.com/eslambert77/Gophercises/exercise-3/chooseadventure v0.0.0-20210209214506-9371e9530007 h1:gPNALz1sp5WHiI4ACmIA+NB5+HtnPgAvx/2zlAoaPdU=
github.com/eslambert77/Gophercises/exercise-3/chooseadventure v0.0.0-20210209214506-9371e9530007/go.mod h1:ROG+uspFKA9KxSL87kbJDX4/0BymrZF5u8kwtqTRNyg=
