github.com/eslambert77/Gophercises v0.0.0-20210209190919-cdc9645491d6 h1:YLmuj3j/4kVfnQ8qwdHplx3yfSUyCRMTjnZNXUbEELU=
github.com/eslambert77/Gophercises/exercise-3 v0.0.0-20210209190919-cdc9645491d6 h1:ZiXxzcKDpCgPwOf5DHJb/vp5VIkR7IlX9nH+xnQW57A=
github.com/eslambert77/Gophercises/exercise-3/chooseadventure v0.0.0-20210209190919-cdc9645491d6 h1:Tj/olyQZzfA/PhXksYZwzv8C+lchF0pxbD6uVdpHw38=
github.com/eslambert77/Gophercises/exercise-3/chooseadventure v0.0.0-20210209190919-cdc9645491d6/go.mod h1:ROG+uspFKA9KxSL87kbJDX4/0BymrZF5u8kwtqTRNyg=
